<?xml version="1.0" encoding="UTF-8"?>
<Scheme
   version = "1.3">
   <BuildAction>
      <BuildActionEntries>
         <BuildActionEntry
            buildForRunning = "YES">
            <BuildableReference
               BuildableIdentifier = "primary"
               BlueprintIdentifier = "E05C217C1CFD77D36F918471"
               BuildableName = "SwitUiWithUiKit.app"
               BlueprintName = "SwitUiWithUiKit"
               ReferencedContainer = "container:SwitUiWithUiKit.xcodeproj">
            </BuildableReference>
         </BuildActionEntry>
      </BuildActionEntries>
   </BuildAction>
   <LaunchAction
      useCustomWorkingDirectory = "NO"
      buildConfiguration = "Debug"
      allowLocationSimulation = "YES">
      <BuildableProductRunnable>
         <BuildableReference
            BuildableIdentifier = "primary"
            BlueprintIdentifier = "E05C217C1CFD77D36F918471"
            BuildableName = "SwitUiWithUiKit.app"
            BlueprintName = "SwitUiWithUiKit"
            ReferencedContainer = "container:SwitUiWithUiKit.xcodeproj">
         </BuildableReference>
      </BuildableProductRunnable>
   </LaunchAction>
</Scheme>
